
Microsoft Visual Studio Solution File, Format Version 12.00
# Visual Studio 2013
VisualStudioVersion = 12.0.21005.1
MinimumVisualStudioVersion = 10.0.40219.1
Project("{FAE04EC0-301F-11D3-BF4B-00C04F79EFBC}") = "SomeGame", "SomeGame\SomeGame\SomeGame.csproj", "{BEC0AF32-85F1-4E6F-AF9A-64965D8D247F}"
EndProject
Project("{96E2B04D-8817-42C6-938A-82C39BA4D311}") = "SomeGameContent", "SomeGame\SomeGameContent\SomeGameContent.contentproj", "{CBD3FB08-87AD-4648-8348-8611EE69AF5B}"
EndProject
Global
	GlobalSection(SolutionConfigurationPlatforms) = preSolution
		Debug|x86 = Debug|x86
		Release|x86 = Release|x86
	EndGlobalSection
	GlobalSection(ProjectConfigurationPlatforms) = postSolution
		{BEC0AF32-85F1-4E6F-AF9A-64965D8D247F}.Debug|x86.ActiveCfg = Debug|x86
		{BEC0AF32-85F1-4E6F-AF9A-64965D8D247F}.Debug|x86.Build.0 = Debug|x86
		{BEC0AF32-85F1-4E6F-AF9A-64965D8D247F}.Release|x86.ActiveCfg = Release|x86
		{BEC0AF32-85F1-4E6F-AF9A-64965D8D247F}.Release|x86.Build.0 = Release|x86
		{CBD3FB08-87AD-4648-8348-8611EE69AF5B}.Debug|x86.ActiveCfg = Debug|x86
		{CBD3FB08-87AD-4648-8348-8611EE69AF5B}.Release|x86.ActiveCfg = Release|x86
	EndGlobalSection
	GlobalSection(SolutionProperties) = preSolution
		HideSolutionNode = FALSE
	EndGlobalSection
EndGlobal
